
Microsoft Visual Studio Solution File, Format Version 12.00
# Visual Studio Version 17
VisualStudioVersion = 17.14.36414.22
MinimumVisualStudioVersion = 10.0.40219.1
Project("{FAE04EC0-301F-11D3-BF4B-00C04F79EFBC}") = "ConsoleApp3", "ConsoleApp3\ConsoleApp3.csproj", "{162A4088-04DE-4284-AAEC-C117E007CC9E}"
EndProject
Global
	GlobalSection(SolutionConfigurationPlatforms) = preSolution
		Debug|Any CPU = Debug|Any CPU
		Release|Any CPU = Release|Any CPU
	EndGlobalSection
	GlobalSection(ProjectConfigurationPlatforms) = postSolution
		{162A4088-04DE-4284-AAEC-C117E007CC9E}.Debug|Any CPU.ActiveCfg = Debug|Any CPU
		{162A4088-04DE-4284-AAEC-C117E007CC9E}.Debug|Any CPU.Build.0 = Debug|Any CPU
		{162A4088-04DE-4284-AAEC-C117E007CC9E}.Release|Any CPU.ActiveCfg = Release|Any CPU
		{162A4088-04DE-4284-AAEC-C117E007CC9E}.Release|Any CPU.Build.0 = Release|Any CPU
	EndGlobalSection
	GlobalSection(SolutionProperties) = preSolution
		HideSolutionNode = FALSE
	EndGlobalSection
	GlobalSection(ExtensibilityGlobals) = postSolution
		SolutionGuid = {DB6ADD60-AD15-4A9B-980E-916BE0B4D135}
	EndGlobalSection
EndGlobal
